
Microsoft Visual Studio Solution File, Format Version 12.00
# Visual Studio 2013
VisualStudioVersion = 12.0.21005.1
MinimumVisualStudioVersion = 10.0.40219.1
Project("{0e2613d3-d5cc-4b54-b34b-128c39af0141}") = "TheProject", "TheProject.jsproj", "{f2fa52d5-36f5-40d5-82d6-5889e9bc4c23}"
EndProject
Global
	GlobalSection(SolutionConfigurationPlatforms) = preSolution
		Debug|ARM = Debug|ARM
		Debug|Any CPU = Debug|Any CPU
		Debug|x64 = Debug|x64
		Debug|x86 = Debug|x86
		Release|ARM = Release|ARM
		Release|Any CPU = Release|Any CPU
		Release|x64 = Release|x64
		Release|x86 = Release|x86
	EndGlobalSection
	GlobalSection(ProjectConfigurationPlatforms) = postSolution
		{f2fa52d5-36f5-40d5-82d6-5889e9bc4c23}.Debug|ARM.ActiveCfg = Debug|ARM
		{f2fa52d5-36f5-40d5-82d6-5889e9bc4c23}.Debug|ARM.Build.0 = Debug|ARM
		{f2fa52d5-36f5-40d5-82d6-5889e9bc4c23}.Debug|ARM.Deploy.0 = Debug|ARM
		{f2fa52d5-36f5-40d5-82d6-5889e9bc4c23}.Debug|Any CPU.ActiveCfg = Debug|Any CPU
		{f2fa52d5-36f5-40d5-82d6-5889e9bc4c23}.Debug|Any CPU.Build.0 = Debug|Any CPU
		{f2fa52d5-36f5-40d5-82d6-5889e9bc4c23}.Debug|Any CPU.Deploy.0 = Debug|Any CPU
		{f2fa52d5-36f5-40d5-82d6-5889e9bc4c23}.Debug|x64.ActiveCfg = Debug|x64
		{f2fa52d5-36f5-40d5-82d6-5889e9bc4c23}.Debug|x64.Build.0 = Debug|x64
		{f2fa52d5-36f5-40d5-82d6-5889e9bc4c23}.Debug|x64.Deploy.0 = Debug|x64
		{f2fa52d5-36f5-40d5-82d6-5889e9bc4c23}.Debug|x86.ActiveCfg = Debug|x86
		{f2fa52d5-36f5-40d5-82d6-5889e9bc4c23}.Debug|x86.Build.0 = Debug|x86
		{f2fa52d5-36f5-40d5-82d6-5889e9bc4c23}.Debug|x86.Deploy.0 = Debug|x86
		{f2fa52d5-36f5-40d5-82d6-5889e9bc4c23}.Release|ARM.ActiveCfg = Release|ARM
		{f2fa52d5-36f5-40d5-82d6-5889e9bc4c23}.Release|ARM.Build.0 = Release|ARM
		{f2fa52d5-36f5-40d5-82d6-5889e9bc4c23}.Release|ARM.Deploy.0 = Release|ARM
		{f2fa52d5-36f5-40d5-82d6-5889e9bc4c23}.Release|Any CPU.ActiveCfg = Release|Any CPU
		{f2fa52d5-36f5-40d5-82d6-5889e9bc4c23}.Release|Any CPU.Build.0 = Release|Any CPU
		{f2fa52d5-36f5-40d5-82d6-5889e9bc4c23}.Release|Any CPU.Deploy.0 = Release|Any CPU
		{f2fa52d5-36f5-40d5-82d6-5889e9bc4c23}.Release|x64.ActiveCfg = Release|x64
		{f2fa52d5-36f5-40d5-82d6-5889e9bc4c23}.Release|x64.Build.0 = Release|x64
		{f2fa52d5-36f5-40d5-82d6-5889e9bc4c23}.Release|x64.Deploy.0 = Release|x64
		{f2fa52d5-36f5-40d5-82d6-5889e9bc4c23}.Release|x86.ActiveCfg = Release|x86
		{f2fa52d5-36f5-40d5-82d6-5889e9bc4c23}.Release|x86.Build.0 = Release|x86
		{f2fa52d5-36f5-40d5-82d6-5889e9bc4c23}.Release|x86.Deploy.0 = Release|x86
	EndGlobalSection
	GlobalSection(SolutionProperties) = preSolution
		HideSolutionNode = FALSE
	EndGlobalSection
EndGlobal
